github.com/calvarado2004/go-testing/go-webapp/webapp/pkg/data v0.0.0-20230303055409-c68a48658271 h1:qeoEwa3EDvHltvsTS0y7DcVOUztB6k7zkQfWON7aFWk=
github.com/calvarado2004/go-testing/go-webapp/webapp/pkg/data v0.0.0-20230303055409-c68a48658271/go.mod h1:c1oI6KJjBzkHNr732LfU0KhiYbiZX165KSIRWO02mC4=
golang.org/x/crypto v0.6.0 h1:qfktjS5LUO+fFKeJXZ+ikTRijMmljikvG68fpMMruSc=
golang.org/x/crypto v0.6.0/go.mod h1:OFC/31mSvZgRz0V1QTNCzfAI1aIRzbiufJtkMIlEp58=
